
Microsoft Visual Studio Solution File, Format Version 12.00
# Visual Studio 15
VisualStudioVersion = 15.0.28307.1684
MinimumVisualStudioVersion = 10.0.40219.1
Project("{FAE04EC0-301F-11D3-BF4B-00C04F79EFBC}") = "ConsoleApp7", "ConsoleApp7\ConsoleApp7.csproj", "{0FDEBD96-EA7B-4754-913E-FC7C48E5AA8C}"
EndProject
Global
	GlobalSection(SolutionConfigurationPlatforms) = preSolution
		Debug|Any CPU = Debug|Any CPU
		Release|Any CPU = Release|Any CPU
	EndGlobalSection
	GlobalSection(ProjectConfigurationPlatforms) = postSolution
		{0FDEBD96-EA7B-4754-913E-FC7C48E5AA8C}.Debug|Any CPU.ActiveCfg = Debug|Any CPU
		{0FDEBD96-EA7B-4754-913E-FC7C48E5AA8C}.Debug|Any CPU.Build.0 = Debug|Any CPU
		{0FDEBD96-EA7B-4754-913E-FC7C48E5AA8C}.Release|Any CPU.ActiveCfg = Release|Any CPU
		{0FDEBD96-EA7B-4754-913E-FC7C48E5AA8C}.Release|Any CPU.Build.0 = Release|Any CPU
	EndGlobalSection
	GlobalSection(SolutionProperties) = preSolution
		HideSolutionNode = FALSE
	EndGlobalSection
	GlobalSection(ExtensibilityGlobals) = postSolution
		SolutionGuid = {6C59F8AF-0DA4-4329-ABB2-C8500A3F68E8}
	EndGlobalSection
EndGlobal
